// !$*UTF8*$!
{
	archiveVersion = 1;
	classes = {
	};
	objectVersion = 51;
	objects = {

/* Begin PBXBuildFile section */
		4FBF94AF22EFEB7D00D9FFB7 /* AppDelegate.swift in Sources */ = {isa = PBXBuildFile; fileRef = 4FBF94AE22EFEB7D00D9FFB7 /* AppDelegate.swift */; };
		4FBF94B122EFEB7D00D9FFB7 /* ViewController.swift in Sources */ = {isa = PBXBuildFile; fileRef = 4FBF94B022EFEB7D00D9FFB7 /* ViewController.swift */; };
		4FBF94B422EFEB7D00D9FFB7 /* Main.storyboard in Resources */ = {isa = PBXBuildFile; fileRef = 4FBF94B222EFEB7D00D9FFB7 /* Main.storyboard */; };
		4FBF94B622EFEB8000D9FFB7 /* Assets.xcassets in Resources */ = {isa = PBXBuildFile; fileRef = 4FBF94B522EFEB8000D9FFB7 /* Assets.xcassets */; };
		4FBF94B922EFEB8000D9FFB7 /* LaunchScreen.storyboard in Resources */ = {isa = PBXBuildFile; fileRef = 4FBF94B722EFEB8000D9FFB7 /* LaunchScreen.storyboard */; };
		4FBF94C122EFF0AE00D9FFB7 /* inputViewController.swift in Sources */ = {isa = PBXBuildFile; fileRef = 4FBF94C022EFF0AE00D9FFB7 /* inputViewController.swift */; };
		4FBF94C322EFF0E500D9FFB7 /* Todo.swift in Sources */ = {isa = PBXBuildFile; fileRef = 4FBF94C222EFF0E500D9FFB7 /* Todo.swift */; };
		8C0287CB01559069A7F3921D /* Pods_RealmTodo.framework in Frameworks */ = {isa = PBXBuildFile; fileRef = 54BCC6C0552F7A9E78D9EFED /* Pods_RealmTodo.framework */; };
/* End PBXBuildFile section */

/* Begin PBXFileReference section */
		16A8465AB1C201CC68713F09 /* Pods-RealmTodo.release.xcconfig */ = {isa = PBXFileReference; includeInIndex = 1; lastKnownFileType = text.xcconfig; name = "Pods-RealmTodo.release.xcconfig"; path = "Target Support Files/Pods-RealmTodo/Pods-RealmTodo.release.xcconfig"; sourceTree = "<group>"; };
		4FBF94AB22EFEB7D00D9FFB7 /* RealmTodo.app */ = {isa = PBXFileReference; explicitFileType = wrapper.application; includeInIndex = 0; path = RealmTodo.app; sourceTree = BUILT_PRODUCTS_DIR; };
		4FBF94AE22EFEB7D00D9FFB7 /* AppDelegate.swift */ = {isa = PBXFileReference; lastKnownFileType = sourcecode.swift; path = AppDelegate.swift; sourceTree = "<group>"; };
		4FBF94B022EFEB7D00D9FFB7 /* ViewController.swift */ = {isa = PBXFileReference; lastKnownFileType = sourcecode.swift; name = ViewController.swift; path = ../ViewController.swift; sourceTree = "<group>"; };
		4FBF94B322EFEB7D00D9FFB7 /* Base */ = {isa = PBXFileReference; lastKnownFileType = file.storyboard; name = Base; path = Base.lproj/Main.storyboard; sourceTree = "<group>"; };
		4FBF94B522EFEB8000D9FFB7 /* Assets.xcassets */ = {isa = PBXFileReference; lastKnownFileType = folder.assetcatalog; path = Assets.xcassets; sourceTree = "<group>"; };
		4FBF94B822EFEB8000D9FFB7 /* Base */ = {isa = PBXFileReference; lastKnownFileType = file.storyboard; name = Base; path = Base.lproj/LaunchScreen.storyboard; sourceTree = "<group>"; };
		4FBF94BA22EFEB8000D9FFB7 /* Info.plist */ = {isa = PBXFileReference; lastKnownFileType = text.plist.xml; path = Info.plist; sourceTree = "<group>"; };
		4FBF94C022EFF0AE00D9FFB7 /* inputViewController.swift */ = {isa = PBXFileReference; lastKnownFileType = sourcecode.swift; path = inputViewController.swift; sourceTree = "<group>"; };
		4FBF94C222EFF0E500D9FFB7 /* Todo.swift */ = {isa = PBXFileReference; lastKnownFileType = sourcecode.swift; name = Todo.swift; path = ../Todo.swift; sourceTree = "<group>"; };
		54BCC6C0552F7A9E78D9EFED /* Pods_RealmTodo.framework */ = {isa = PBXFileReference; explicitFileType = wrapper.framework; includeInIndex = 0; path = Pods_RealmTodo.framework; sourceTree = BUILT_PRODUCTS_DIR; };
		B9062CDF1B0EFB9C83302AB2 /* Pods-RealmTodo.debug.xcconfig */ = {isa = PBXFileReference; includeInIndex = 1; lastKnownFileType = text.xcconfig; name = "Pods-RealmTodo.debug.xcconfig"; path = "Target Support Files/Pods-RealmTodo/Pods-RealmTodo.debug.xcconfig"; sourceTree = "<group>"; };
/* End PBXFileReference section */

/* Begin PBXFrameworksBuildPhase section */
		4FBF94A822EFEB7D00D9FFB7 /* Frameworks */ = {
			isa = PBXFrameworksBuildPhase;
			buildActionMask = 2147483647;
			files = (
				8C0287CB01559069A7F3921D /* Pods_RealmTodo.framework in Frameworks */,
			);
			runOnlyForDeploymentPostprocessing = 0;
		};
/* End PBXFrameworksBuildPhase section */

/* Begin PBXGroup section */
		2903330686F40358619F1EBE /* Frameworks */ = {
			isa = PBXGroup;
			children = (
				54BCC6C0552F7A9E78D9EFED /* Pods_RealmTodo.framework */,
			);
			name = Frameworks;
			sourceTree = "<group>";
		};
		4FBF94A222EFEB7D00D9FFB7 = {
			isa = PBXGroup;
			children = (
				4FBF94AD22EFEB7D00D9FFB7 /* RealmTodo */,
				4FBF94AC22EFEB7D00D9FFB7 /* Products */,
				7D1DB93E71E2F84E489FC047 /* Pods */,
				2903330686F40358619F1EBE /* Frameworks */,
			);
			sourceTree = "<group>";
		};
		4FBF94AC22EFEB7D00D9FFB7 /* Products */ = {
			isa = PBXGroup;
			children = (
				4FBF94AB22EFEB7D00D9FFB7 /* RealmTodo.app */,
			);
			name = Products;
			sourceTree = "<group>";
		};
		4FBF94AD22EFEB7D00D9FFB7 /* RealmTodo */ = {
			isa = PBXGroup;
			children = (
				4FBF94C522EFF24200D9FFB7 /* Objects */,
				4FBF94C422EFF14000D9FFB7 /* Controllers */,
				4FBF94AE22EFEB7D00D9FFB7 /* AppDelegate.swift */,
				4FBF94B222EFEB7D00D9FFB7 /* Main.storyboard */,
				4FBF94B522EFEB8000D9FFB7 /* Assets.xcassets */,
				4FBF94B722EFEB8000D9FFB7 /* LaunchScreen.storyboard */,
				4FBF94BA22EFEB8000D9FFB7 /* Info.plist */,
			);
			path = RealmTodo;
			sourceTree = "<group>";
		};
		4FBF94C422EFF14000D9FFB7 /* Controllers */ = {
			isa = PBXGroup;
			children = (
				4FBF94C022EFF0AE00D9FFB7 /* inputViewController.swift */,
				4FBF94B022EFEB7D00D9FFB7 /* ViewController.swift */,
			);
			path = Controllers;
			sourceTree = "<group>";
		};
		4FBF94C522EFF24200D9FFB7 /* Objects */ = {
			isa = PBXGroup;
			children = (
				4FBF94C222EFF0E500D9FFB7 /* Todo.swift */,
			);
			path = Objects;
			sourceTree = "<group>";
		};
		7D1DB93E71E2F84E489FC047 /* Pods */ = {
			isa = PBXGroup;
			children = (
				B9062CDF1B0EFB9C83302AB2 /* Pods-RealmTodo.debug.xcconfig */,
				16A8465AB1C201CC68713F09 /* Pods-RealmTodo.release.xcconfig */,
			);
			path = Pods;
			sourceTree = "<group>";
		};
/* End PBXGroup section */

/* Begin PBXNativeTarget section */
		4FBF94AA22EFEB7D00D9FFB7 /* RealmTodo */ = {
			isa = PBXNativeTarget;
			buildConfigurationList = 4FBF94BD22EFEB8000D9FFB7 /* Build configuration list for PBXNativeTarget "RealmTodo" */;
			buildPhases = (
				B08A29ED3054D7C202419F8D /* [CP] Check Pods Manifest.lock */,
				4FBF94A722EFEB7D00D9FFB7 /* Sources */,
				4FBF94A822EFEB7D00D9FFB7 /* Frameworks */,
				4FBF94A922EFEB7D00D9FFB7 /* Resources */,
				0F29F9EF89761DA6FCA415B8 /* [CP] Embed Pods Frameworks */,
			);
			buildRules = (
			);
			dependencies = (
			);
			name = RealmTodo;
			productName = RealmTodo;
			productReference = 4FBF94AB22EFEB7D00D9FFB7 /* RealmTodo.app */;
			productType = "com.apple.product-type.application";
		};
/* End PBXNativeTarget section */

/* Begin PBXProject section */
		4FBF94A322EFEB7D00D9FFB7 /* Project object */ = {
			isa = PBXProject;
			attributes = {
				LastSwiftUpdateCheck = 1020;
				LastUpgradeCheck = 1020;
				ORGANIZATIONNAME = "渡邉舜也";
				TargetAttributes = {
					4FBF94AA22EFEB7D00D9FFB7 = {
						CreatedOnToolsVersion = 10.2.1;
					};
				};
			};
			buildConfigurationList = 4FBF94A622EFEB7D00D9FFB7 /* Build configuration list for PBXProject "RealmTodo" */;
			compatibilityVersion = "Xcode 9.3";
			developmentRegion = en;
			hasScannedForEncodings = 0;
			knownRegions = (
				en,
				Base,
			);
			mainGroup = 4FBF94A222EFEB7D00D9FFB7;
			productRefGroup = 4FBF94AC22EFEB7D00D9FFB7 /* Products */;
			projectDirPath = "";
			projectRoot = "";
			targets = (
				4FBF94AA22EFEB7D00D9FFB7 /* RealmTodo */,
			);
		};
/* End PBXProject section */

/* Begin PBXResourcesBuildPhase section */
		4FBF94A922EFEB7D00D9FFB7 /* Resources */ = {
			isa = PBXResourcesBuildPhase;
			buildActionMask = 2147483647;
			files = (
				4FBF94B922EFEB8000D9FFB7 /* LaunchScreen.storyboard in Resources */,
				4FBF94B622EFEB8000D9FFB7 /* Assets.xcassets in Resources */,
				4FBF94B422EFEB7D00D9FFB7 /* Main.storyboard in Resources */,
			);
			runOnlyForDeploymentPostprocessing = 0;
		};
/* End PBXResourcesBuildPhase section */

/* Begin PBXShellScriptBuildPhase section */
		0F29F9EF89761DA6FCA415B8 /* [CP] Embed Pods Frameworks */ = {
			isa = PBXShellScriptBuildPhase;
			buildActionMask = 2147483647;
			files = (
			);
			inputFileListPaths = (
				"${PODS_ROOT}/Target Support Files/Pods-RealmTodo/Pods-RealmTodo-frameworks-${CONFIGURATION}-input-files.xcfilelist",
			);
			name = "[CP] Embed Pods Frameworks";
			outputFileListPaths = (
				"${PODS_ROOT}/Target Support Files/Pods-RealmTodo/Pods-RealmTodo-frameworks-${CONFIGURATION}-output-files.xcfilelist",
			);
			runOnlyForDeploymentPostprocessing = 0;
			shellPath = /bin/sh;
			shellScript = "\"${PODS_ROOT}/Target Support Files/Pods-RealmTodo/Pods-RealmTodo-frameworks.sh\"\n";
			showEnvVarsInLog = 0;
		};
		B08A29ED3054D7C202419F8D /* [CP] Check Pods Manifest.lock */ = {
			isa = PBXShellScriptBuildPhase;
			buildActionMask = 2147483647;
			files = (
			);
			inputFileListPaths = (
			);
			inputPaths = (
				"${PODS_PODFILE_DIR_PATH}/Podfile.lock",
				"${PODS_ROOT}/Manifest.lock",
			);
			name = "[CP] Check Pods Manifest.lock";
			outputFileListPaths = (
			);
			outputPaths = (
				"$(DERIVED_FILE_DIR)/Pods-RealmTodo-checkManifestLockResult.txt",
			);
			runOnlyForDeploymentPostprocessing = 0;
			shellPath = /bin/sh;
			shellScript = "diff \"${PODS_PODFILE_DIR_PATH}/Podfile.lock\" \"${PODS_ROOT}/Manifest.lock\" > /dev/null\nif [ $? != 0 ] ; then\n    # print error to STDERR\n    echo \"error: The sandbox is not in sync with the Podfile.lock. Run 'pod install' or update your CocoaPods installation.\" >&2\n    exit 1\nfi\n# This output is used by Xcode 'outputs' to avoid re-running this script phase.\necho \"SUCCESS\" > \"${SCRIPT_OUTPUT_FILE_0}\"\n";
			showEnvVarsInLog = 0;
		};
/* End PBXShellScriptBuildPhase section */

/* Begin PBXSourcesBuildPhase section */
		4FBF94A722EFEB7D00D9FFB7 /* Sources */ = {
			isa = PBXSourcesBuildPhase;
			buildActionMask = 2147483647;
			files = (
				4FBF94B122EFEB7D00D9FFB7 /* ViewController.swift in Sources */,
				4FBF94AF22EFEB7D00D9FFB7 /* AppDelegate.swift in Sources */,
				4FBF94C122EFF0AE00D9FFB7 /* inputViewController.swift in Sources */,
				4FBF94C322EFF0E500D9FFB7 /* Todo.swift in Sources */,
			);
			runOnlyForDeploymentPostprocessing = 0;
		};
/* End PBXSourcesBuildPhase section */

/* Begin PBXVariantGroup section */
		4FBF94B222EFEB7D00D9FFB7 /* Main.storyboard */ = {
			isa = PBXVariantGroup;
			children = (
				4FBF94B322EFEB7D00D9FFB7 /* Base */,
			);
			name = Main.storyboard;
			sourceTree = "<group>";
		};
		4FBF94B722EFEB8000D9FFB7 /* LaunchScreen.storyboard */ = {
			isa = PBXVariantGroup;
			children = (
				4FBF94B822EFEB8000D9FFB7 /* Base */,
			);
			name = LaunchScreen.storyboard;
			sourceTree = "<group>";
		};
/* End PBXVariantGroup section */

/* Begin XCBuildConfiguration section */
		4FBF94BB22EFEB8000D9FFB7 /* Debug */ = {
			isa = XCBuildConfiguration;
			buildSettings = {
				ALWAYS_SEARCH_USER_PATHS = NO;
				CLANG_ANALYZER_NONNULL = YES;
				CLANG_ANALYZER_NUMBER_OBJECT_CONVERSION = YES_AGGRESSIVE;
				CLANG_CXX_LANGUAGE_STANDARD = "gnu++14";
				CLANG_CXX_LIBRARY = "libc++";
				CLANG_ENABLE_MODULES = YES;
				CLANG_ENABLE_OBJC_ARC = YES;
				CLANG_ENABLE_OBJC_WEAK = YES;
				CLANG_WARN_BLOCK_CAPTURE_AUTORELEASING = YES;
				CLANG_WARN_BOOL_CONVERSION = YES;
				CLANG_WARN_COMMA = YES;
				CLANG_WARN_CONSTANT_CONVERSION = YES;
				CLANG_WARN_DEPRECATED_OBJC_IMPLEMENTATIONS = YES;
				CLANG_WARN_DIRECT_OBJC_ISA_USAGE = YES_ERROR;
				CLANG_WARN_DOCUMENTATION_COMMENTS = YES;
				CLANG_WARN_EMPTY_BODY = YES;
				CLANG_WARN_ENUM_CONVERSION = YES;
				CLANG_WARN_INFINITE_RECURSION = YES;
				CLANG_WARN_INT_CONVERSION = YES;
				CLANG_WARN_NON_LITERAL_NULL_CONVERSION = YES;
				CLANG_WARN_OBJC_IMPLICIT_RETAIN_SELF = YES;
				CLANG_WARN_OBJC_LITERAL_CONVERSION = YES;
				CLANG_WARN_OBJC_ROOT_CLASS = YES_ERROR;
				CLANG_WARN_RANGE_LOOP_ANALYSIS = YES;
				CLANG_WARN_STRICT_PROTOTYPES = YES;
				CLANG_WARN_SUSPICIOUS_MOVE = YES;
				CLANG_WARN_UNGUARDED_AVAILABILITY = YES_AGGRESSIVE;
				CLANG_WARN_UNREACHABLE_CODE = YES;
				CLANG_WARN__DUPLICATE_METHOD_MATCH = YES;
				CODE_SIGN_IDENTITY = "iPhone Developer";
				COPY_PHASE_STRIP = NO;
				DEBUG_INFORMATION_FORMAT = dwarf;
				ENABLE_STRICT_OBJC_MSGSEND = YES;
				ENABLE_TESTABILITY = YES;
				GCC_C_LANGUAGE_STANDARD = gnu11;
				GCC_DYNAMIC_NO_PIC = NO;
				GCC_NO_COMMON_BLOCKS = YES;
				GCC_OPTIMIZATION_LEVEL = 0;
				GCC_PREPROCESSOR_DEFINITIONS = (
					"DEBUG=1",
					"$(inherited)",
				);
				GCC_WARN_64_TO_32_BIT_CONVERSION = YES;
				GCC_WARN_ABOUT_RETURN_TYPE = YES_ERROR;
				GCC_WARN_UNDECLARED_SELECTOR = YES;
				GCC_WARN_UNINITIALIZED_AUTOS = YES_AGGRESSIVE;
				GCC_WARN_UNUSED_FUNCTION = YES;
				GCC_WARN_UNUSED_VARIABLE = YES;
				IPHONEOS_DEPLOYMENT_TARGET = 12.2;
				MTL_ENABLE_DEBUG_INFO = INCLUDE_SOURCE;
				MTL_FAST_MATH = YES;
				ONLY_ACTIVE_ARCH = YES;
				SDKROOT = iphoneos;
				SWIFT_ACTIVE_COMPILATION_CONDITIONS = DEBUG;
				SWIFT_OPTIMIZATION_LEVEL = "-Onone";
			};
			name = Debug;
		};
		4FBF94BC22EFEB8000D9FFB7 /* Release */ = {
			isa = XCBuildConfiguration;
			buildSettings = {
				ALWAYS_SEARCH_USER_PATHS = NO;
				CLANG_ANALYZER_NONNULL = YES;
				CLANG_ANALYZER_NUMBER_OBJECT_CONVERSION = YES_AGGRESSIVE;
				CLANG_CXX_LANGUAGE_STANDARD = "gnu++14";
				CLANG_CXX_LIBRARY = "libc++";
				CLANG_ENABLE_MODULES = YES;
				CLANG_ENABLE_OBJC_ARC = YES;
				CLANG_ENABLE_OBJC_WEAK = YES;
				CLANG_WARN_BLOCK_CAPTURE_AUTORELEASING = YES;
				CLANG_WARN_BOOL_CONVERSION = YES;
				CLANG_WARN_COMMA = YES;
				CLANG_WARN_CONSTANT_CONVERSION = YES;
				CLANG_WARN_DEPRECATED_OBJC_IMPLEMENTATIONS = YES;
				CLANG_WARN_DIRECT_OBJC_ISA_USAGE = YES_ERROR;
				CLANG_WARN_DOCUMENTATION_COMMENTS = YES;
				CLANG_WARN_EMPTY_BODY = YES;
				CLANG_WARN_ENUM_CONVERSION = YES;
				CLANG_WARN_INFINITE_RECURSION = YES;
				CLANG_WARN_INT_CONVERSION = YES;
				CLANG_WARN_NON_LITERAL_NULL_CONVERSION = YES;
				CLANG_WARN_OBJC_IMPLICIT_RETAIN_SELF = YES;
				CLANG_WARN_OBJC_LITERAL_CONVERSION = YES;
				CLANG_WARN_OBJC_ROOT_CLASS = YES_ERROR;
				CLANG_WARN_RANGE_LOOP_ANALYSIS = YES;
				CLANG_WARN_STRICT_PROTOTYPES = YES;
				CLANG_WARN_SUSPICIOUS_MOVE = YES;
				CLANG_WARN_UNGUARDED_AVAILABILITY = YES_AGGRESSIVE;
				CLANG_WARN_UNREACHABLE_CODE = YES;
				CLANG_WARN__DUPLICATE_METHOD_MATCH = YES;
				CODE_SIGN_IDENTITY = "iPhone Developer";
				COPY_PHASE_STRIP = NO;
				DEBUG_INFORMATION_FORMAT = "dwarf-with-dsym";
				ENABLE_NS_ASSERTIONS = NO;
				ENABLE_STRICT_OBJC_MSGSEND = YES;
				GCC_C_LANGUAGE_STANDARD = gnu11;
				GCC_NO_COMMON_BLOCKS = YES;
				GCC_WARN_64_TO_32_BIT_CONVERSION = YES;
				GCC_WARN_ABOUT_RETURN_TYPE = YES_ERROR;
				GCC_WARN_UNDECLARED_SELECTOR = YES;
				GCC_WARN_UNINITIALIZED_AUTOS = YES_AGGRESSIVE;
				GCC_WARN_UNUSED_FUNCTION = YES;
				GCC_WARN_UNUSED_VARIABLE = YES;
				IPHONEOS_DEPLOYMENT_TARGET = 12.2;
				MTL_ENABLE_DEBUG_INFO = NO;
				MTL_FAST_MATH = YES;
				SDKROOT = iphoneos;
				SWIFT_COMPILATION_MODE = wholemodule;
				SWIFT_OPTIMIZATION_LEVEL = "-O";
				VALIDATE_PRODUCT = YES;
			};
			name = Release;
		};
		4FBF94BE22EFEB8000D9FFB7 /* Debug */ = {
			isa = XCBuildConfiguration;
			baseConfigurationReference = B9062CDF1B0EFB9C83302AB2 /* Pods-RealmTodo.debug.xcconfig */;
			buildSettings = {
				ASSETCATALOG_COMPILER_APPICON_NAME = AppIcon;
				CODE_SIGN_STYLE = Automatic;
				DEVELOPMENT_TEAM = Y33HX5QS7V;
				INFOPLIST_FILE = RealmTodo/Info.plist;
				LD_RUNPATH_SEARCH_PATHS = (
					"$(inherited)",
					"@executable_path/Frameworks",
				);
				PRODUCT_BUNDLE_IDENTIFIER = com.example.RealmTodo;
				PRODUCT_NAME = "$(TARGET_NAME)";
				SWIFT_VERSION = 5.0;
				TARGETED_DEVICE_FAMILY = "1,2";
			};
			name = Debug;
		};
		4FBF94BF22EFEB8000D9FFB7 /* Release */ = {
			isa = XCBuildConfiguration;
			baseConfigurationReference = 16A8465AB1C201CC68713F09 /* Pods-RealmTodo.release.xcconfig */;
			buildSettings = {
				ASSETCATALOG_COMPILER_APPICON_NAME = AppIcon;
				CODE_SIGN_STYLE = Automatic;
				DEVELOPMENT_TEAM = Y33HX5QS7V;
				INFOPLIST_FILE = RealmTodo/Info.plist;
				LD_RUNPATH_SEARCH_PATHS = (
					"$(inherited)",
					"@executable_path/Frameworks",
				);
				PRODUCT_BUNDLE_IDENTIFIER = com.example.RealmTodo;
				PRODUCT_NAME = "$(TARGET_NAME)";
				SWIFT_VERSION = 5.0;
				TARGETED_DEVICE_FAMILY = "1,2";
			};
			name = Release;
		};
/* End XCBuildConfiguration section */

/* Begin XCConfigurationList section */
		4FBF94A622EFEB7D00D9FFB7 /* Build configuration list for PBXProject "RealmTodo" */ = {
			isa = XCConfigurationList;
			buildConfigurations = (
				4FBF94BB22EFEB8000D9FFB7 /* Debug */,
				4FBF94BC22EFEB8000D9FFB7 /* Release */,
			);
			defaultConfigurationIsVisible = 0;
			defaultConfigurationName = Release;
		};
		4FBF94BD22EFEB8000D9FFB7 /* Build configuration list for PBXNativeTarget "RealmTodo" */ = {
			isa = XCConfigurationList;
			buildConfigurations = (
				4FBF94BE22EFEB8000D9FFB7 /* Debug */,
				4FBF94BF22EFEB8000D9FFB7 /* Release */,
			);
			defaultConfigurationIsVisible = 0;
			defaultConfigurationName = Release;
		};
/* End XCConfigurationList section */
	};
	rootObject = 4FBF94A322EFEB7D00D9FFB7 /* Project object */;
}
